// !$*UTF8*$!
{
	archiveVersion = 1;
	classes = {
	};
	objectVersion = 77;
	objects = {

/* Begin PBXContainerItemProxy section */
		209FE4DC2FE474BD00FC1B90 /* PBXContainerItemProxy */ = {
			isa = PBXContainerItemProxy;
			containerPortal = 209FE4C12FE474BB00FC1B90 /* Project object */;
			proxyType = 1;
			remoteGlobalIDString = 209FE4C82FE474BB00FC1B90;
			remoteInfo = LoginScreenSwiftUI;
		};
		209FE4E62FE474BD00FC1B90 /* PBXContainerItemProxy */ = {
			isa = PBXContainerItemProxy;
			containerPortal = 209FE4C12FE474BB00FC1B90 /* Project object */;
			proxyType = 1;
			remoteGlobalIDString = 209FE4C82FE474BB00FC1B90;
			remoteInfo = LoginScreenSwiftUI;
		};
/* End PBXContainerItemProxy section */

/* Begin PBXFileReference section */
		209FE4C92FE474BB00FC1B90 /* LoginScreenSwiftUI.app */ = {isa = PBXFileReference; explicitFileType = wrapper.application; includeInIndex = 0; path = LoginScreenSwiftUI.app; sourceTree = BUILT_PRODUCTS_DIR; };
		209FE4DB2FE474BD00FC1B90 /* LoginScreenSwiftUITests.xctest */ = {isa = PBXFileReference; explicitFileType = wrapper.cfbundle; includeInIndex = 0; path = LoginScreenSwiftUITests.xctest; sourceTree = BUILT_PRODUCTS_DIR; };
		209FE4E52FE474BD00FC1B90 /* LoginScreenSwiftUIUITests.xctest */ = {isa = PBXFileReference; explicitFileType = wrapper.cfbundle; includeInIndex = 0; path = LoginScreenSwiftUIUITests.xctest; sourceTree = BUILT_PRODUCTS_DIR; };
/* End PBXFileReference section */

/* Begin PBXFileSystemSynchronizedRootGroup section */
		209FE4CB2FE474BB00FC1B90 /* LoginScreenSwiftUI */ = {
			isa = PBXFileSystemSynchronizedRootGroup;
			path = LoginScreenSwiftUI;
			sourceTree = "<group>";
		};
		209FE4DE2FE474BD00FC1B90 /* LoginScreenSwiftUITests */ = {
			isa = PBXFileSystemSynchronizedRootGroup;
			path = LoginScreenSwiftUITests;
			sourceTree = "<group>";
		};
		209FE4E82FE474BD00FC1B90 /* LoginScreenSwiftUIUITests */ = {
			isa = PBXFileSystemSynchronizedRootGroup;
			path = LoginScreenSwiftUIUITests;
			sourceTree = "<group>";
		};
/* End PBXFileSystemSynchronizedRootGroup section */

/* Begin PBXFrameworksBuildPhase section */
		209FE4C62FE474BB00FC1B90 /* Frameworks */ = {
			isa = PBXFrameworksBuildPhase;
			buildActionMask = 2147483647;
			files = (
			);
			runOnlyForDeploymentPostprocessing = 0;
		};
		209FE4D82FE474BD00FC1B90 /* Frameworks */ = {
			isa = PBXFrameworksBuildPhase;
			buildActionMask = 2147483647;
			files = (
			);
			runOnlyForDeploymentPostprocessing = 0;
		};
		209FE4E22FE474BD00FC1B90 /* Frameworks */ = {
			isa = PBXFrameworksBuildPhase;
			buildActionMask = 2147483647;
			files = (
			);
			runOnlyForDeploymentPostprocessing = 0;
		};
/* End PBXFrameworksBuildPhase section */

/* Begin PBXGroup section */
		209FE4C02FE474BB00FC1B90 = {
			isa = PBXGroup;
			children = (
				209FE4CB2FE474BB00FC1B90 /* LoginScreenSwiftUI */,
				209FE4DE2FE474BD00FC1B90 /* LoginScreenSwiftUITests */,
				209FE4E82FE474BD00FC1B90 /* LoginScreenSwiftUIUITests */,
				209FE4CA2FE474BB00FC1B90 /* Products */,
			);
			sourceTree = "<group>";
		};
		209FE4CA2FE474BB00FC1B90 /* Products */ = {
			isa = PBXGroup;
			children = (
				209FE4C92FE474BB00FC1B90 /* LoginScreenSwiftUI.app */,
				209FE4DB2FE474BD00FC1B90 /* LoginScreenSwiftUITests.xctest */,
				209FE4E52FE474BD00FC1B90 /* LoginScreenSwiftUIUITests.xctest */,
			);
			name = Products;
			sourceTree = "<group>";
		};
/* End PBXGroup section */

/* Begin PBXNativeTarget section */
		209FE4C82FE474BB00FC1B90 /* LoginScreenSwiftUI */ = {
			isa = PBXNativeTarget;
			buildConfigurationList = 209FE4EF2FE474BD00FC1B90 /* Build configuration list for PBXNativeTarget "LoginScreenSwiftUI" */;
			buildPhases = (
				209FE4C52FE474BB00FC1B90 /* Sources */,
				209FE4C62FE474BB00FC1B90 /* Frameworks */,
				209FE4C72FE474BB00FC1B90 /* Resources */,
			);
			buildRules = (
			);
			dependencies = (
			);
			fileSystemSynchronizedGroups = (
				209FE4CB2FE474BB00FC1B90 /* LoginScreenSwiftUI */,
			);
			name = LoginScreenSwiftUI;
			packageProductDependencies = (
			);
			productName = LoginScreenSwiftUI;
			productReference = 209FE4C92FE474BB00FC1B90 /* LoginScreenSwiftUI.app */;
			productType = "com.apple.product-type.application";
		};
		209FE4DA2FE474BD00FC1B90 /* LoginScreenSwiftUITests */ = {
			isa = PBXNativeTarget;
			buildConfigurationList = 209FE4F22FE474BD00FC1B90 /* Build configuration list for PBXNativeTarget "LoginScreenSwiftUITests" */;
			buildPhases = (
				209FE4D72FE474BD00FC1B90 /* Sources */,
				209FE4D82FE474BD00FC1B90 /* Frameworks */,
				209FE4D92FE474BD00FC1B90 /* Resources */,
			);
			buildRules = (
			);
			dependencies = (
				209FE4DD2FE474BD00FC1B90 /* PBXTargetDependency */,
			);
			fileSystemSynchronizedGroups = (
				209FE4DE2FE474BD00FC1B90 /* LoginScreenSwiftUITests */,
			);
			name = LoginScreenSwiftUITests;
			packageProductDependencies = (
			);
			productName = LoginScreenSwiftUITests;
			productReference = 209FE4DB2FE474BD00FC1B90 /* LoginScreenSwiftUITests.xctest */;
			productType = "com.apple.product-type.bundle.unit-test";
		};
		209FE4E42FE474BD00FC1B90 /* LoginScreenSwiftUIUITests */ = {
			isa = PBXNativeTarget;
			buildConfigurationList = 209FE4F52FE474BD00FC1B90 /* Build configuration list for PBXNativeTarget "LoginScreenSwiftUIUITests" */;
			buildPhases = (
				209FE4E12FE474BD00FC1B90 /* Sources */,
				209FE4E22FE474BD00FC1B90 /* Frameworks */,
				209FE4E32FE474BD00FC1B90 /* Resources */,
			);
			buildRules = (
			);
			dependencies = (
				209FE4E72FE474BD00FC1B90 /* PBXTargetDependency */,
			);
			fileSystemSynchronizedGroups = (
				209FE4E82FE474BD00FC1B90 /* LoginScreenSwiftUIUITests */,
			);
			name = LoginScreenSwiftUIUITests;
			packageProductDependencies = (
			);
			productName = LoginScreenSwiftUIUITests;
			productReference = 209FE4E52FE474BD00FC1B90 /* LoginScreenSwiftUIUITests.xctest */;
			productType = "com.apple.product-type.bundle.ui-testing";
		};
/* End PBXNativeTarget section */

/* Begin PBXProject section */
		209FE4C12FE474BB00FC1B90 /* Project object */ = {
			isa = PBXProject;
			attributes = {
				BuildIndependentTargetsInParallel = 1;
				LastSwiftUpdateCheck = 2650;
				LastUpgradeCheck = 2650;
				TargetAttributes = {
					209FE4C82FE474BB00FC1B90 = {
						CreatedOnToolsVersion = 26.5;
					};
					209FE4DA2FE474BD00FC1B90 = {
						CreatedOnToolsVersion = 26.5;
						TestTargetID = 209FE4C82FE474BB00FC1B90;
					};
					209FE4E42FE474BD00FC1B90 = {
						CreatedOnToolsVersion = 26.5;
						TestTargetID = 209FE4C82FE474BB00FC1B90;
					};
				};
			};
			buildConfigurationList = 209FE4C42FE474BB00FC1B90 /* Build configuration list for PBXProject "LoginScreenSwiftUI" */;
			developmentRegion = en;
			hasScannedForEncodings = 0;
			knownRegions = (
				en,
				Base,
			);
			mainGroup = 209FE4C02FE474BB00FC1B90;
			minimizedProjectReferenceProxies = 1;
			preferredProjectObjectVersion = 77;
			productRefGroup = 209FE4CA2FE474BB00FC1B90 /* Products */;
			projectDirPath = "";
			projectRoot = "";
			targets = (
				209FE4C82FE474BB00FC1B90 /* LoginScreenSwiftUI */,
				209FE4DA2FE474BD00FC1B90 /* LoginScreenSwiftUITests */,
				209FE4E42FE474BD00FC1B90 /* LoginScreenSwiftUIUITests */,
			);
		};
/* End PBXProject section */

/* Begin PBXResourcesBuildPhase section */
		209FE4C72FE474BB00FC1B90 /* Resources */ = {
			isa = PBXResourcesBuildPhase;
			buildActionMask = 2147483647;
			files = (
			);
			runOnlyForDeploymentPostprocessing = 0;
		};
		209FE4D92FE474BD00FC1B90 /* Resources */ = {
			isa = PBXResourcesBuildPhase;
			buildActionMask = 2147483647;
			files = (
			);
			runOnlyForDeploymentPostprocessing = 0;
		};
		209FE4E32FE474BD00FC1B90 /* Resources */ = {
			isa = PBXResourcesBuildPhase;
			buildActionMask = 2147483647;
			files = (
			);
			runOnlyForDeploymentPostprocessing = 0;
		};
/* End PBXResourcesBuildPhase section */

/* Begin PBXSourcesBuildPhase section */
		209FE4C52FE474BB00FC1B90 /* Sources */ = {
			isa = PBXSourcesBuildPhase;
			buildActionMask = 2147483647;
			files = (
			);
			runOnlyForDeploymentPostprocessing = 0;
		};
		209FE4D72FE474BD00FC1B90 /* Sources */ = {
			isa = PBXSourcesBuildPhase;
			buildActionMask = 2147483647;
			files = (
			);
			runOnlyForDeploymentPostprocessing = 0;
		};
		209FE4E12FE474BD00FC1B90 /* Sources */ = {
			isa = PBXSourcesBuildPhase;
			buildActionMask = 2147483647;
			files = (
			);
			runOnlyForDeploymentPostprocessing = 0;
		};
/* End PBXSourcesBuildPhase section */

/* Begin PBXTargetDependency section */
		209FE4DD2FE474BD00FC1B90 /* PBXTargetDependency */ = {
			isa = PBXTargetDependency;
			target = 209FE4C82FE474BB00FC1B90 /* LoginScreenSwiftUI */;
			targetProxy = 209FE4DC2FE474BD00FC1B90 /* PBXContainerItemProxy */;
		};
		209FE4E72FE474BD00FC1B90 /* PBXTargetDependency */ = {
			isa = PBXTargetDependency;
			target = 209FE4C82FE474BB00FC1B90 /* LoginScreenSwiftUI */;
			targetProxy = 209FE4E62FE474BD00FC1B90 /* PBXContainerItemProxy */;
		};
/* End PBXTargetDependency section */

/* Begin XCBuildConfiguration section */
		209FE4ED2FE474BD00FC1B90 /* Debug */ = {
			isa = XCBuildConfiguration;
			buildSettings = {
				ALWAYS_SEARCH_USER_PATHS = NO;
				ASSETCATALOG_COMPILER_GENERATE_SWIFT_ASSET_SYMBOL_EXTENSIONS = YES;
				CLANG_ANALYZER_NONNULL = YES;
				CLANG_ANALYZER_NUMBER_OBJECT_CONVERSION = YES_AGGRESSIVE;
				CLANG_CXX_LANGUAGE_STANDARD = "gnu++20";
				CLANG_ENABLE_MODULES = YES;
				CLANG_ENABLE_OBJC_ARC = YES;
				CLANG_ENABLE_OBJC_WEAK = YES;
				CLANG_WARN_BLOCK_CAPTURE_AUTORELEASING = YES;
				CLANG_WARN_BOOL_CONVERSION = YES;
				CLANG_WARN_COMMA = YES;
				CLANG_WARN_CONSTANT_CONVERSION = YES;
				CLANG_WARN_DEPRECATED_OBJC_IMPLEMENTATIONS = YES;
				CLANG_WARN_DIRECT_OBJC_ISA_USAGE = YES_ERROR;
				CLANG_WARN_DOCUMENTATION_COMMENTS = YES;
				CLANG_WARN_EMPTY_BODY = YES;
				CLANG_WARN_ENUM_CONVERSION = YES;
				CLANG_WARN_INFINITE_RECURSION = YES;
				CLANG_WARN_INT_CONVERSION = YES;
				CLANG_WARN_NON_LITERAL_NULL_CONVERSION = YES;
				CLANG_WARN_OBJC_IMPLICIT_RETAIN_SELF = YES;
				CLANG_WARN_OBJC_LITERAL_CONVERSION = YES;
				CLANG_WARN_OBJC_ROOT_CLASS = YES_ERROR;
				CLANG_WARN_QUOTED_INCLUDE_IN_FRAMEWORK_HEADER = YES;
				CLANG_WARN_RANGE_LOOP_ANALYSIS = YES;
				CLANG_WARN_STRICT_PROTOTYPES = YES;
				CLANG_WARN_SUSPICIOUS_MOVE = YES;
				CLANG_WARN_UNGUARDED_AVAILABILITY = YES_AGGRESSIVE;
				CLANG_WARN_UNREACHABLE_CODE = YES;
				CLANG_WARN__DUPLICATE_METHOD_MATCH = YES;
				COPY_PHASE_STRIP = NO;
				DEBUG_INFORMATION_FORMAT = dwarf;
				DEVELOPMENT_TEAM = X8QNW948C9;
				ENABLE_STRICT_OBJC_MSGSEND = YES;
				ENABLE_TESTABILITY = YES;
				ENABLE_USER_SCRIPT_SANDBOXING = YES;
				GCC_C_LANGUAGE_STANDARD = gnu17;
				GCC_DYNAMIC_NO_PIC = NO;
				GCC_NO_COMMON_BLOCKS = YES;
				GCC_OPTIMIZATION_LEVEL = 0;
				GCC_PREPROCESSOR_DEFINITIONS = (
					"DEBUG=1",
					"$(inherited)",
				);
				GCC_WARN_64_TO_32_BIT_CONVERSION = YES;
				GCC_WARN_ABOUT_RETURN_TYPE = YES_ERROR;
				GCC_WARN_UNDECLARED_SELECTOR = YES;
				GCC_WARN_UNINITIALIZED_AUTOS = YES_AGGRESSIVE;
				GCC_WARN_UNUSED_FUNCTION = YES;
				GCC_WARN_UNUSED_VARIABLE = YES;
				IPHONEOS_DEPLOYMENT_TARGET = 26.5;
				LOCALIZATION_PREFERS_STRING_CATALOGS = YES;
				MTL_ENABLE_DEBUG_INFO = INCLUDE_SOURCE;
				MTL_FAST_MATH = YES;
				ONLY_ACTIVE_ARCH = YES;
				SDKROOT = iphoneos;
				SWIFT_ACTIVE_COMPILATION_CONDITIONS = "DEBUG $(inherited)";
				SWIFT_OPTIMIZATION_LEVEL = "-Onone";
			};
			name = Debug;
		};
		209FE4EE2FE474BD00FC1B90 /* Release */ = {
			isa = XCBuildConfiguration;
			buildSettings = {
				ALWAYS_SEARCH_USER_PATHS = NO;
				ASSETCATALOG_COMPILER_GENERATE_SWIFT_ASSET_SYMBOL_EXTENSIONS = YES;
				CLANG_ANALYZER_NONNULL = YES;
				CLANG_ANALYZER_NUMBER_OBJECT_CONVERSION = YES_AGGRESSIVE;
				CLANG_CXX_LANGUAGE_STANDARD = "gnu++20";
				CLANG_ENABLE_MODULES = YES;
				CLANG_ENABLE_OBJC_ARC = YES;
				CLANG_ENABLE_OBJC_WEAK = YES;
				CLANG_WARN_BLOCK_CAPTURE_AUTORELEASING = YES;
				CLANG_WARN_BOOL_CONVERSION = YES;
				CLANG_WARN_COMMA = YES;
				CLANG_WARN_CONSTANT_CONVERSION = YES;
				CLANG_WARN_DEPRECATED_OBJC_IMPLEMENTATIONS = YES;
				CLANG_WARN_DIRECT_OBJC_ISA_USAGE = YES_ERROR;
				CLANG_WARN_DOCUMENTATION_COMMENTS = YES;
				CLANG_WARN_EMPTY_BODY = YES;
				CLANG_WARN_ENUM_CONVERSION = YES;
				CLANG_WARN_INFINITE_RECURSION = YES;
				CLANG_WARN_INT_CONVERSION = YES;
				CLANG_WARN_NON_LITERAL_NULL_CONVERSION = YES;
				CLANG_WARN_OBJC_IMPLICIT_RETAIN_SELF = YES;
				CLANG_WARN_OBJC_LITERAL_CONVERSION = YES;
				CLANG_WARN_OBJC_ROOT_CLASS = YES_ERROR;
				CLANG_WARN_QUOTED_INCLUDE_IN_FRAMEWORK_HEADER = YES;
				CLANG_WARN_RANGE_LOOP_ANALYSIS = YES;
				CLANG_WARN_STRICT_PROTOTYPES = YES;
				CLANG_WARN_SUSPICIOUS_MOVE = YES;
				CLANG_WARN_UNGUARDED_AVAILABILITY = YES_AGGRESSIVE;
				CLANG_WARN_UNREACHABLE_CODE = YES;
				CLANG_WARN__DUPLICATE_METHOD_MATCH = YES;
				COPY_PHASE_STRIP = NO;
				DEBUG_INFORMATION_FORMAT = "dwarf-with-dsym";
				DEVELOPMENT_TEAM = X8QNW948C9;
				ENABLE_NS_ASSERTIONS = NO;
				ENABLE_STRICT_OBJC_MSGSEND = YES;
				ENABLE_USER_SCRIPT_SANDBOXING = YES;
				GCC_C_LANGUAGE_STANDARD = gnu17;
				GCC_NO_COMMON_BLOCKS = YES;
				GCC_WARN_64_TO_32_BIT_CONVERSION = YES;
				GCC_WARN_ABOUT_RETURN_TYPE = YES_ERROR;
				GCC_WARN_UNDECLARED_SELECTOR = YES;
				GCC_WARN_UNINITIALIZED_AUTOS = YES_AGGRESSIVE;
				GCC_WARN_UNUSED_FUNCTION = YES;
				GCC_WARN_UNUSED_VARIABLE = YES;
				IPHONEOS_DEPLOYMENT_TARGET = 26.5;
				LOCALIZATION_PREFERS_STRING_CATALOGS = YES;
				MTL_ENABLE_DEBUG_INFO = NO;
				MTL_FAST_MATH = YES;
				SDKROOT = iphoneos;
				SWIFT_COMPILATION_MODE = wholemodule;
				VALIDATE_PRODUCT = YES;
			};
			name = Release;
		};
		209FE4F02FE474BD00FC1B90 /* Debug */ = {
			isa = XCBuildConfiguration;
			buildSettings = {
				ASSETCATALOG_COMPILER_APPICON_NAME = AppIcon;
				ASSETCATALOG_COMPILER_GLOBAL_ACCENT_COLOR_NAME = AccentColor;
				CODE_SIGN_STYLE = Automatic;
				CURRENT_PROJECT_VERSION = 1;
				DEVELOPMENT_TEAM = X8QNW948C9;
				ENABLE_PREVIEWS = YES;
				GENERATE_INFOPLIST_FILE = YES;
				INFOPLIST_KEY_UIApplicationSceneManifest_Generation = YES;
				INFOPLIST_KEY_UIApplicationSupportsIndirectInputEvents = YES;
				INFOPLIST_KEY_UILaunchScreen_Generation = YES;
				INFOPLIST_KEY_UISupportedInterfaceOrientations_iPad = "UIInterfaceOrientationPortrait UIInterfaceOrientationPortraitUpsideDown UIInterfaceOrientationLandscapeLeft UIInterfaceOrientationLandscapeRight";
				INFOPLIST_KEY_UISupportedInterfaceOrientations_iPhone = "UIInterfaceOrientationPortrait UIInterfaceOrientationLandscapeLeft UIInterfaceOrientationLandscapeRight";
				LD_RUNPATH_SEARCH_PATHS = (
					"$(inherited)",
					"@executable_path/Frameworks",
				);
				MARKETING_VERSION = 1.0;
				PRODUCT_BUNDLE_IDENTIFIER = com.yaswanth.LoginScreenSwiftUI;
				PRODUCT_NAME = "$(TARGET_NAME)";
				STRING_CATALOG_GENERATE_SYMBOLS = YES;
				SWIFT_APPROACHABLE_CONCURRENCY = YES;
				SWIFT_DEFAULT_ACTOR_ISOLATION = MainActor;
				SWIFT_EMIT_LOC_STRINGS = YES;
				SWIFT_UPCOMING_FEATURE_MEMBER_IMPORT_VISIBILITY = YES;
				SWIFT_VERSION = 5.0;
				TARGETED_DEVICE_FAMILY = "1,2";
			};
			name = Debug;
		};
		209FE4F12FE474BD00FC1B90 /* Release */ = {
			isa = XCBuildConfiguration;
			buildSettings = {
				ASSETCATALOG_COMPILER_APPICON_NAME = AppIcon;
				ASSETCATALOG_COMPILER_GLOBAL_ACCENT_COLOR_NAME = AccentColor;
				CODE_SIGN_STYLE = Automatic;
				CURRENT_PROJECT_VERSION = 1;
				DEVELOPMENT_TEAM = X8QNW948C9;
				ENABLE_PREVIEWS = YES;
				GENERATE_INFOPLIST_FILE = YES;
				INFOPLIST_KEY_UIApplicationSceneManifest_Generation = YES;
				INFOPLIST_KEY_UIApplicationSupportsIndirectInputEvents = YES;
				INFOPLIST_KEY_UILaunchScreen_Generation = YES;
				INFOPLIST_KEY_UISupportedInterfaceOrientations_iPad = "UIInterfaceOrientationPortrait UIInterfaceOrientationPortraitUpsideDown UIInterfaceOrientationLandscapeLeft UIInterfaceOrientationLandscapeRight";
				INFOPLIST_KEY_UISupportedInterfaceOrientations_iPhone = "UIInterfaceOrientationPortrait UIInterfaceOrientationLandscapeLeft UIInterfaceOrientationLandscapeRight";
				LD_RUNPATH_SEARCH_PATHS = (
					"$(inherited)",
					"@executable_path/Frameworks",
				);
				MARKETING_VERSION = 1.0;
				PRODUCT_BUNDLE_IDENTIFIER = com.yaswanth.LoginScreenSwiftUI;
				PRODUCT_NAME = "$(TARGET_NAME)";
				STRING_CATALOG_GENERATE_SYMBOLS = YES;
				SWIFT_APPROACHABLE_CONCURRENCY = YES;
				SWIFT_DEFAULT_ACTOR_ISOLATION = MainActor;
				SWIFT_EMIT_LOC_STRINGS = YES;
				SWIFT_UPCOMING_FEATURE_MEMBER_IMPORT_VISIBILITY = YES;
				SWIFT_VERSION = 5.0;
				TARGETED_DEVICE_FAMILY = "1,2";
			};
			name = Release;
		};
		209FE4F32FE474BD00FC1B90 /* Debug */ = {
			isa = XCBuildConfiguration;
			buildSettings = {
				BUNDLE_LOADER = "$(TEST_HOST)";
				CODE_SIGN_STYLE = Automatic;
				CURRENT_PROJECT_VERSION = 1;
				DEVELOPMENT_TEAM = X8QNW948C9;
				GENERATE_INFOPLIST_FILE = YES;
				IPHONEOS_DEPLOYMENT_TARGET = 26.5;
				MARKETING_VERSION = 1.0;
				PRODUCT_BUNDLE_IDENTIFIER = com.yaswanth.LoginScreenSwiftUITests;
				PRODUCT_NAME = "$(TARGET_NAME)";
				STRING_CATALOG_GENERATE_SYMBOLS = NO;
				SWIFT_APPROACHABLE_CONCURRENCY = YES;
				SWIFT_EMIT_LOC_STRINGS = NO;
				SWIFT_UPCOMING_FEATURE_MEMBER_IMPORT_VISIBILITY = YES;
				SWIFT_VERSION = 5.0;
				TARGETED_DEVICE_FAMILY = "1,2";
				TEST_HOST = "$(BUILT_PRODUCTS_DIR)/LoginScreenSwiftUI.app/$(BUNDLE_EXECUTABLE_FOLDER_PATH)/LoginScreenSwiftUI";
			};
			name = Debug;
		};
		209FE4F42FE474BD00FC1B90 /* Release */ = {
			isa = XCBuildConfiguration;
			buildSettings = {
				BUNDLE_LOADER = "$(TEST_HOST)";
				CODE_SIGN_STYLE = Automatic;
				CURRENT_PROJECT_VERSION = 1;
				DEVELOPMENT_TEAM = X8QNW948C9;
				GENERATE_INFOPLIST_FILE = YES;
				IPHONEOS_DEPLOYMENT_TARGET = 26.5;
				MARKETING_VERSION = 1.0;
				PRODUCT_BUNDLE_IDENTIFIER = com.yaswanth.LoginScreenSwiftUITests;
				PRODUCT_NAME = "$(TARGET_NAME)";
				STRING_CATALOG_GENERATE_SYMBOLS = NO;
				SWIFT_APPROACHABLE_CONCURRENCY = YES;
				SWIFT_EMIT_LOC_STRINGS = NO;
				SWIFT_UPCOMING_FEATURE_MEMBER_IMPORT_VISIBILITY = YES;
				SWIFT_VERSION = 5.0;
				TARGETED_DEVICE_FAMILY = "1,2";
				TEST_HOST = "$(BUILT_PRODUCTS_DIR)/LoginScreenSwiftUI.app/$(BUNDLE_EXECUTABLE_FOLDER_PATH)/LoginScreenSwiftUI";
			};
			name = Release;
		};
		209FE4F62FE474BD00FC1B90 /* Debug */ = {
			isa = XCBuildConfiguration;
			buildSettings = {
				CODE_SIGN_STYLE = Automatic;
				CURRENT_PROJECT_VERSION = 1;
				DEVELOPMENT_TEAM = X8QNW948C9;
				GENERATE_INFOPLIST_FILE = YES;
				MARKETING_VERSION = 1.0;
				PRODUCT_BUNDLE_IDENTIFIER = com.yaswanth.LoginScreenSwiftUIUITests;
				PRODUCT_NAME = "$(TARGET_NAME)";
				STRING_CATALOG_GENERATE_SYMBOLS = NO;
				SWIFT_APPROACHABLE_CONCURRENCY = YES;
				SWIFT_EMIT_LOC_STRINGS = NO;
				SWIFT_UPCOMING_FEATURE_MEMBER_IMPORT_VISIBILITY = YES;
				SWIFT_VERSION = 5.0;
				TARGETED_DEVICE_FAMILY = "1,2";
				TEST_TARGET_NAME = LoginScreenSwiftUI;
			};
			name = Debug;
		};
		209FE4F72FE474BD00FC1B90 /* Release */ = {
			isa = XCBuildConfiguration;
			buildSettings = {
				CODE_SIGN_STYLE = Automatic;
				CURRENT_PROJECT_VERSION = 1;
				DEVELOPMENT_TEAM = X8QNW948C9;
				GENERATE_INFOPLIST_FILE = YES;
				MARKETING_VERSION = 1.0;
				PRODUCT_BUNDLE_IDENTIFIER = com.yaswanth.LoginScreenSwiftUIUITests;
				PRODUCT_NAME = "$(TARGET_NAME)";
				STRING_CATALOG_GENERATE_SYMBOLS = NO;
				SWIFT_APPROACHABLE_CONCURRENCY = YES;
				SWIFT_EMIT_LOC_STRINGS = NO;
				SWIFT_UPCOMING_FEATURE_MEMBER_IMPORT_VISIBILITY = YES;
				SWIFT_VERSION = 5.0;
				TARGETED_DEVICE_FAMILY = "1,2";
				TEST_TARGET_NAME = LoginScreenSwiftUI;
			};
			name = Release;
		};
/* End XCBuildConfiguration section */

/* Begin XCConfigurationList section */
		209FE4C42FE474BB00FC1B90 /* Build configuration list for PBXProject "LoginScreenSwiftUI" */ = {
			isa = XCConfigurationList;
			buildConfigurations = (
				209FE4ED2FE474BD00FC1B90 /* Debug */,
				209FE4EE2FE474BD00FC1B90 /* Release */,
			);
			defaultConfigurationIsVisible = 0;
			defaultConfigurationName = Release;
		};
		209FE4EF2FE474BD00FC1B90 /* Build configuration list for PBXNativeTarget "LoginScreenSwiftUI" */ = {
			isa = XCConfigurationList;
			buildConfigurations = (
				209FE4F02FE474BD00FC1B90 /* Debug */,
				209FE4F12FE474BD00FC1B90 /* Release */,
			);
			defaultConfigurationIsVisible = 0;
			defaultConfigurationName = Release;
		};
		209FE4F22FE474BD00FC1B90 /* Build configuration list for PBXNativeTarget "LoginScreenSwiftUITests" */ = {
			isa = XCConfigurationList;
			buildConfigurations = (
				209FE4F32FE474BD00FC1B90 /* Debug */,
				209FE4F42FE474BD00FC1B90 /* Release */,
			);
			defaultConfigurationIsVisible = 0;
			defaultConfigurationName = Release;
		};
		209FE4F52FE474BD00FC1B90 /* Build configuration list for PBXNativeTarget "LoginScreenSwiftUIUITests" */ = {
			isa = XCConfigurationList;
			buildConfigurations = (
				209FE4F62FE474BD00FC1B90 /* Debug */,
				209FE4F72FE474BD00FC1B90 /* Release */,
			);
			defaultConfigurationIsVisible = 0;
			defaultConfigurationName = Release;
		};
/* End XCConfigurationList section */
	};
	rootObject = 209FE4C12FE474BB00FC1B90 /* Project object */;
}
